
Microsoft Visual Studio Solution File, Format Version 12.00
# Visual Studio 2013
VisualStudioVersion = 12.0.21005.1
MinimumVisualStudioVersion = 10.0.40219.1
Project("{FAE04EC0-301F-11D3-BF4B-00C04F79EFBC}") = "Leonardo", "Leonardo\Leonardo.csproj", "{61D38B80-10C7-4FF3-A4D5-CFC8D5D06FEB}"
EndProject
Project("{FAE04EC0-301F-11D3-BF4B-00C04F79EFBC}") = "Leonardo.BlackBoxTest", "Leonardo.BlackBoxTest\Leonardo.BlackBoxTest.csproj", "{8A65B8A3-1FC9-448D-9AB9-1A194F7C8898}"
EndProject
Project("{FAE04EC0-301F-11D3-BF4B-00C04F79EFBC}") = "Leonardo.UnitTest", "Leonardo.UnitTest\Leonardo.UnitTest.csproj", "{2778E5A7-994C-4412-83C8-2E7C1C4A11BD}"
EndProject
Project("{FAE04EC0-301F-11D3-BF4B-00C04F79EFBC}") = "LeonardoWebApp", "LeonardoWebApp\LeonardoWebApp.csproj", "{A1DAF206-397E-486E-8D1D-D8BA926C9A32}"
EndProject
Global
	GlobalSection(SolutionConfigurationPlatforms) = preSolution
		Debug|Any CPU = Debug|Any CPU
		Release|Any CPU = Release|Any CPU
	EndGlobalSection
	GlobalSection(ProjectConfigurationPlatforms) = postSolution
		{61D38B80-10C7-4FF3-A4D5-CFC8D5D06FEB}.Debug|Any CPU.ActiveCfg = Debug|Any CPU
		{61D38B80-10C7-4FF3-A4D5-CFC8D5D06FEB}.Debug|Any CPU.Build.0 = Debug|Any CPU
		{61D38B80-10C7-4FF3-A4D5-CFC8D5D06FEB}.Release|Any CPU.ActiveCfg = Release|Any CPU
		{61D38B80-10C7-4FF3-A4D5-CFC8D5D06FEB}.Release|Any CPU.Build.0 = Release|Any CPU
		{8A65B8A3-1FC9-448D-9AB9-1A194F7C8898}.Debug|Any CPU.ActiveCfg = Debug|Any CPU
		{8A65B8A3-1FC9-448D-9AB9-1A194F7C8898}.Debug|Any CPU.Build.0 = Debug|Any CPU
		{8A65B8A3-1FC9-448D-9AB9-1A194F7C8898}.Release|Any CPU.ActiveCfg = Release|Any CPU
		{8A65B8A3-1FC9-448D-9AB9-1A194F7C8898}.Release|Any CPU.Build.0 = Release|Any CPU
		{2778E5A7-994C-4412-83C8-2E7C1C4A11BD}.Debug|Any CPU.ActiveCfg = Debug|Any CPU
		{2778E5A7-994C-4412-83C8-2E7C1C4A11BD}.Debug|Any CPU.Build.0 = Debug|Any CPU
		{2778E5A7-994C-4412-83C8-2E7C1C4A11BD}.Release|Any CPU.ActiveCfg = Release|Any CPU
		{2778E5A7-994C-4412-83C8-2E7C1C4A11BD}.Release|Any CPU.Build.0 = Release|Any CPU
		{A1DAF206-397E-486E-8D1D-D8BA926C9A32}.Debug|Any CPU.ActiveCfg = Debug|Any CPU
		{A1DAF206-397E-486E-8D1D-D8BA926C9A32}.Debug|Any CPU.Build.0 = Debug|Any CPU
		{A1DAF206-397E-486E-8D1D-D8BA926C9A32}.Release|Any CPU.ActiveCfg = Release|Any CPU
		{A1DAF206-397E-486E-8D1D-D8BA926C9A32}.Release|Any CPU.Build.0 = Release|Any CPU
	EndGlobalSection
	GlobalSection(SolutionProperties) = preSolution
		HideSolutionNode = FALSE
	EndGlobalSection
EndGlobal
